
Microsoft Visual Studio Solution File, Format Version 12.00
# Visual Studio 14
VisualStudioVersion = 14.0.25420.1
MinimumVisualStudioVersion = 10.0.40219.1
Project("{F184B08F-C81C-45F6-A57F-5ABD9991F28F}") = "DAL", "DAL\DAL.vbproj", "{68B8A71F-9067-4631-A3FF-D54836E01E99}"
EndProject
Project("{F184B08F-C81C-45F6-A57F-5ABD9991F28F}") = "WebApplication", "WebApplication\WebApplication.vbproj", "{00D6AA7B-24FC-4418-9C10-13B09DD4607A}"
EndProject
Project("{F184B08F-C81C-45F6-A57F-5ABD9991F28F}") = "WindowsApplication", "WindowsApplication\WindowsApplication.vbproj", "{BBC0588A-F239-461B-A733-FDDF4AB39129}"
EndProject
Global
	GlobalSection(SolutionConfigurationPlatforms) = preSolution
		Debug|Any CPU = Debug|Any CPU
		Release|Any CPU = Release|Any CPU
	EndGlobalSection
	GlobalSection(ProjectConfigurationPlatforms) = postSolution
		{68B8A71F-9067-4631-A3FF-D54836E01E99}.Debug|Any CPU.ActiveCfg = Debug|Any CPU
		{68B8A71F-9067-4631-A3FF-D54836E01E99}.Debug|Any CPU.Build.0 = Debug|Any CPU
		{68B8A71F-9067-4631-A3FF-D54836E01E99}.Release|Any CPU.ActiveCfg = Release|Any CPU
		{68B8A71F-9067-4631-A3FF-D54836E01E99}.Release|Any CPU.Build.0 = Release|Any CPU
		{00D6AA7B-24FC-4418-9C10-13B09DD4607A}.Debug|Any CPU.ActiveCfg = Debug|Any CPU
		{00D6AA7B-24FC-4418-9C10-13B09DD4607A}.Debug|Any CPU.Build.0 = Debug|Any CPU
		{00D6AA7B-24FC-4418-9C10-13B09DD4607A}.Release|Any CPU.ActiveCfg = Release|Any CPU
		{00D6AA7B-24FC-4418-9C10-13B09DD4607A}.Release|Any CPU.Build.0 = Release|Any CPU
		{BBC0588A-F239-461B-A733-FDDF4AB39129}.Debug|Any CPU.ActiveCfg = Debug|Any CPU
		{BBC0588A-F239-461B-A733-FDDF4AB39129}.Debug|Any CPU.Build.0 = Debug|Any CPU
		{BBC0588A-F239-461B-A733-FDDF4AB39129}.Release|Any CPU.ActiveCfg = Release|Any CPU
		{BBC0588A-F239-461B-A733-FDDF4AB39129}.Release|Any CPU.Build.0 = Release|Any CPU
	EndGlobalSection
	GlobalSection(SolutionProperties) = preSolution
		HideSolutionNode = FALSE
	EndGlobalSection
EndGlobal
